
Microsoft Visual Studio Solution File, Format Version 12.00
# Visual Studio Version 16
VisualStudioVersion = 16.0.31105.61
MinimumVisualStudioVersion = 10.0.40219.1
Project("{FAE04EC0-301F-11D3-BF4B-00C04F79EFBC}") = "Currency_API_Framework", "Currency_API_Framework\Currency_API_Framework.csproj", "{CC74EC09-13EF-41AA-B756-69A18C28CBC2}"
EndProject
Global
	GlobalSection(SolutionConfigurationPlatforms) = preSolution
		Debug|Any CPU = Debug|Any CPU
		Release|Any CPU = Release|Any CPU
	EndGlobalSection
	GlobalSection(ProjectConfigurationPlatforms) = postSolution
		{CC74EC09-13EF-41AA-B756-69A18C28CBC2}.Debug|Any CPU.ActiveCfg = Debug|Any CPU
		{CC74EC09-13EF-41AA-B756-69A18C28CBC2}.Debug|Any CPU.Build.0 = Debug|Any CPU
		{CC74EC09-13EF-41AA-B756-69A18C28CBC2}.Release|Any CPU.ActiveCfg = Release|Any CPU
		{CC74EC09-13EF-41AA-B756-69A18C28CBC2}.Release|Any CPU.Build.0 = Release|Any CPU
	EndGlobalSection
	GlobalSection(SolutionProperties) = preSolution
		HideSolutionNode = FALSE
	EndGlobalSection
	GlobalSection(ExtensibilityGlobals) = postSolution
		SolutionGuid = {C84E999F-00FB-4E5B-98EF-7E6E34158F68}
	EndGlobalSection
EndGlobal
